// !$*UTF8*$!
{
	archiveVersion = 1;
	classes = {
	};
	objectVersion = 77;
	objects = {

/* Begin PBXBuildFile section */
		66854E4E2D9CAEA7000AA4F7 /* Assets.xcassets in Resources */ = {isa = PBXBuildFile; fileRef = 66854E442D9CAEA7000AA4F7 /* Assets.xcassets */; };
		66854E502D9CAEA7000AA4F7 /* LaunchScreen.storyboard in Resources */ = {isa = PBXBuildFile; fileRef = 66854E472D9CAEA7000AA4F7 /* LaunchScreen.storyboard */; };
		66854E522D9CAEA7000AA4F7 /* AppDelegate.swift in Sources */ = {isa = PBXBuildFile; fileRef = 66854E432D9CAEA7000AA4F7 /* AppDelegate.swift */; };
		66854E532D9CAEA7000AA4F7 /* SceneDelegate.swift in Sources */ = {isa = PBXBuildFile; fileRef = 66854E4A2D9CAEA7000AA4F7 /* SceneDelegate.swift */; };
		66854E542D9CAEA7000AA4F7 /* UIButton Extensions.swift in Sources */ = {isa = PBXBuildFile; fileRef = 66854E4B2D9CAEA7000AA4F7 /* UIButton Extensions.swift */; };
		66854E552D9CAEA7000AA4F7 /* ButtonsViewController.swift in Sources */ = {isa = PBXBuildFile; fileRef = 66854E4C2D9CAEA7000AA4F7 /* ButtonsViewController.swift */; };
		66854E572D9CBACC000AA4F7 /* Config Results.md in Resources */ = {isa = PBXBuildFile; fileRef = 66854E562D9CBACC000AA4F7 /* Config Results.md */; };
		66854E5B2D9CBB7C000AA4F7 /* Plugin.swift in Sources */ = {isa = PBXBuildFile; fileRef = 66854E592D9CBB7C000AA4F7 /* Plugin.swift */; };
		66854E642D9CBBD3000AA4F7 /* MacPlugin.swift in Sources */ = {isa = PBXBuildFile; fileRef = 66854E582D9CBB7C000AA4F7 /* MacPlugin.swift */; };
		66854E652D9CBBE4000AA4F7 /* Plugin.swift in Sources */ = {isa = PBXBuildFile; fileRef = 66854E592D9CBB7C000AA4F7 /* Plugin.swift */; };
		66854E672D9CBC7B000AA4F7 /* MacPlugin.bundle in Embed PlugIns */ = {isa = PBXBuildFile; fileRef = 66854E602D9CBBC5000AA4F7 /* MacPlugin.bundle */; platformFilter = maccatalyst; settings = {ATTRIBUTES = (CodeSignOnCopy, RemoveHeadersOnCopy, ); }; };
/* End PBXBuildFile section */

/* Begin PBXContainerItemProxy section */
		66854E682D9CBC7B000AA4F7 /* PBXContainerItemProxy */ = {
			isa = PBXContainerItemProxy;
			containerPortal = 66854E202D9C9310000AA4F7 /* Project object */;
			proxyType = 1;
			remoteGlobalIDString = 66854E5F2D9CBBC5000AA4F7;
			remoteInfo = MacPlugin;
		};
		66854E6B2D9CBC80000AA4F7 /* PBXContainerItemProxy */ = {
			isa = PBXContainerItemProxy;
			containerPortal = 66854E202D9C9310000AA4F7 /* Project object */;
			proxyType = 1;
			remoteGlobalIDString = 66854E5F2D9CBBC5000AA4F7;
			remoteInfo = MacPlugin;
		};
/* End PBXContainerItemProxy section */

/* Begin PBXCopyFilesBuildPhase section */
		66854E6A2D9CBC7B000AA4F7 /* Embed PlugIns */ = {
			isa = PBXCopyFilesBuildPhase;
			buildActionMask = 2147483647;
			dstPath = "";
			dstSubfolderSpec = 13;
			files = (
				66854E672D9CBC7B000AA4F7 /* MacPlugin.bundle in Embed PlugIns */,
			);
			name = "Embed PlugIns";
			runOnlyForDeploymentPostprocessing = 0;
		};
/* End PBXCopyFilesBuildPhase section */

/* Begin PBXFileReference section */
		66854E282D9C9310000AA4F7 /* UIKit Catalyst Buttons.app */ = {isa = PBXFileReference; explicitFileType = wrapper.application; includeInIndex = 0; path = "UIKit Catalyst Buttons.app"; sourceTree = BUILT_PRODUCTS_DIR; };
		66854E432D9CAEA7000AA4F7 /* AppDelegate.swift */ = {isa = PBXFileReference; lastKnownFileType = sourcecode.swift; path = AppDelegate.swift; sourceTree = "<group>"; };
		66854E442D9CAEA7000AA4F7 /* Assets.xcassets */ = {isa = PBXFileReference; lastKnownFileType = folder.assetcatalog; path = Assets.xcassets; sourceTree = "<group>"; };
		66854E452D9CAEA7000AA4F7 /* Info.plist */ = {isa = PBXFileReference; lastKnownFileType = text.plist.xml; path = Info.plist; sourceTree = "<group>"; };
		66854E462D9CAEA7000AA4F7 /* Base */ = {isa = PBXFileReference; lastKnownFileType = file.storyboard; name = Base; path = Base.lproj/LaunchScreen.storyboard; sourceTree = "<group>"; };
		66854E4A2D9CAEA7000AA4F7 /* SceneDelegate.swift */ = {isa = PBXFileReference; lastKnownFileType = sourcecode.swift; path = SceneDelegate.swift; sourceTree = "<group>"; };
		66854E4B2D9CAEA7000AA4F7 /* UIButton Extensions.swift */ = {isa = PBXFileReference; lastKnownFileType = sourcecode.swift; path = "UIButton Extensions.swift"; sourceTree = "<group>"; };
		66854E4C2D9CAEA7000AA4F7 /* ButtonsViewController.swift */ = {isa = PBXFileReference; lastKnownFileType = sourcecode.swift; path = ButtonsViewController.swift; sourceTree = "<group>"; };
		66854E562D9CBACC000AA4F7 /* Config Results.md */ = {isa = PBXFileReference; lastKnownFileType = net.daringfireball.markdown; path = "Config Results.md"; sourceTree = "<group>"; };
		66854E582D9CBB7C000AA4F7 /* MacPlugin.swift */ = {isa = PBXFileReference; lastKnownFileType = sourcecode.swift; path = MacPlugin.swift; sourceTree = "<group>"; };
		66854E592D9CBB7C000AA4F7 /* Plugin.swift */ = {isa = PBXFileReference; lastKnownFileType = sourcecode.swift; path = Plugin.swift; sourceTree = "<group>"; };
		66854E602D9CBBC5000AA4F7 /* MacPlugin.bundle */ = {isa = PBXFileReference; explicitFileType = wrapper.cfbundle; includeInIndex = 0; path = MacPlugin.bundle; sourceTree = BUILT_PRODUCTS_DIR; };
/* End PBXFileReference section */

/* Begin PBXFrameworksBuildPhase section */
		66854E252D9C9310000AA4F7 /* Frameworks */ = {
			isa = PBXFrameworksBuildPhase;
			buildActionMask = 2147483647;
			files = (
			);
			runOnlyForDeploymentPostprocessing = 0;
		};
		66854E5D2D9CBBC5000AA4F7 /* Frameworks */ = {
			isa = PBXFrameworksBuildPhase;
			buildActionMask = 2147483647;
			files = (
			);
			runOnlyForDeploymentPostprocessing = 0;
		};
/* End PBXFrameworksBuildPhase section */

/* Begin PBXGroup section */
		66854E1F2D9C9310000AA4F7 = {
			isa = PBXGroup;
			children = (
				66854E4D2D9CAEA7000AA4F7 /* UIKit Catalyst Buttons */,
				66854E662D9CBC7B000AA4F7 /* Frameworks */,
				66854E292D9C9310000AA4F7 /* Products */,
			);
			sourceTree = "<group>";
		};
		66854E292D9C9310000AA4F7 /* Products */ = {
			isa = PBXGroup;
			children = (
				66854E282D9C9310000AA4F7 /* UIKit Catalyst Buttons.app */,
				66854E602D9CBBC5000AA4F7 /* MacPlugin.bundle */,
			);
			name = Products;
			sourceTree = "<group>";
		};
		66854E4D2D9CAEA7000AA4F7 /* UIKit Catalyst Buttons */ = {
			isa = PBXGroup;
			children = (
				66854E562D9CBACC000AA4F7 /* Config Results.md */,
				66854E432D9CAEA7000AA4F7 /* AppDelegate.swift */,
				66854E4A2D9CAEA7000AA4F7 /* SceneDelegate.swift */,
				66854E442D9CAEA7000AA4F7 /* Assets.xcassets */,
				66854E452D9CAEA7000AA4F7 /* Info.plist */,
				66854E582D9CBB7C000AA4F7 /* MacPlugin.swift */,
				66854E592D9CBB7C000AA4F7 /* Plugin.swift */,
				66854E472D9CAEA7000AA4F7 /* LaunchScreen.storyboard */,
				66854E4C2D9CAEA7000AA4F7 /* ButtonsViewController.swift */,
				66854E4B2D9CAEA7000AA4F7 /* UIButton Extensions.swift */,
			);
			path = "UIKit Catalyst Buttons";
			sourceTree = "<group>";
		};
		66854E662D9CBC7B000AA4F7 /* Frameworks */ = {
			isa = PBXGroup;
			children = (
			);
			name = Frameworks;
			sourceTree = "<group>";
		};
/* End PBXGroup section */

/* Begin PBXNativeTarget section */
		66854E272D9C9310000AA4F7 /* UIKit Catalyst Buttons */ = {
			isa = PBXNativeTarget;
			buildConfigurationList = 66854E3B2D9C9312000AA4F7 /* Build configuration list for PBXNativeTarget "UIKit Catalyst Buttons" */;
			buildPhases = (
				66854E242D9C9310000AA4F7 /* Sources */,
				66854E252D9C9310000AA4F7 /* Frameworks */,
				66854E262D9C9310000AA4F7 /* Resources */,
				66854E6A2D9CBC7B000AA4F7 /* Embed PlugIns */,
			);
			buildRules = (
			);
			dependencies = (
				66854E692D9CBC7B000AA4F7 /* PBXTargetDependency */,
				66854E6C2D9CBC80000AA4F7 /* PBXTargetDependency */,
			);
			name = "UIKit Catalyst Buttons";
			packageProductDependencies = (
			);
			productName = "UIKit Catalyst Buttons";
			productReference = 66854E282D9C9310000AA4F7 /* UIKit Catalyst Buttons.app */;
			productType = "com.apple.product-type.application";
		};
		66854E5F2D9CBBC5000AA4F7 /* MacPlugin */ = {
			isa = PBXNativeTarget;
			buildConfigurationList = 66854E612D9CBBC5000AA4F7 /* Build configuration list for PBXNativeTarget "MacPlugin" */;
			buildPhases = (
				66854E5C2D9CBBC5000AA4F7 /* Sources */,
				66854E5D2D9CBBC5000AA4F7 /* Frameworks */,
				66854E5E2D9CBBC5000AA4F7 /* Resources */,
			);
			buildRules = (
			);
			dependencies = (
			);
			name = MacPlugin;
			packageProductDependencies = (
			);
			productName = MacPlugin;
			productReference = 66854E602D9CBBC5000AA4F7 /* MacPlugin.bundle */;
			productType = "com.apple.product-type.bundle";
		};
/* End PBXNativeTarget section */

/* Begin PBXProject section */
		66854E202D9C9310000AA4F7 /* Project object */ = {
			isa = PBXProject;
			attributes = {
				BuildIndependentTargetsInParallel = 1;
				LastSwiftUpdateCheck = 1630;
				LastUpgradeCheck = 1630;
				TargetAttributes = {
					66854E272D9C9310000AA4F7 = {
						CreatedOnToolsVersion = 16.3;
					};
					66854E5F2D9CBBC5000AA4F7 = {
						CreatedOnToolsVersion = 16.3;
					};
				};
			};
			buildConfigurationList = 66854E232D9C9310000AA4F7 /* Build configuration list for PBXProject "UIKit Catalyst Buttons" */;
			developmentRegion = en;
			hasScannedForEncodings = 0;
			knownRegions = (
				en,
				Base,
			);
			mainGroup = 66854E1F2D9C9310000AA4F7;
			minimizedProjectReferenceProxies = 1;
			preferredProjectObjectVersion = 77;
			productRefGroup = 66854E292D9C9310000AA4F7 /* Products */;
			projectDirPath = "";
			projectRoot = "";
			targets = (
				66854E272D9C9310000AA4F7 /* UIKit Catalyst Buttons */,
				66854E5F2D9CBBC5000AA4F7 /* MacPlugin */,
			);
		};
/* End PBXProject section */

/* Begin PBXResourcesBuildPhase section */
		66854E262D9C9310000AA4F7 /* Resources */ = {
			isa = PBXResourcesBuildPhase;
			buildActionMask = 2147483647;
			files = (
				66854E572D9CBACC000AA4F7 /* Config Results.md in Resources */,
				66854E4E2D9CAEA7000AA4F7 /* Assets.xcassets in Resources */,
				66854E502D9CAEA7000AA4F7 /* LaunchScreen.storyboard in Resources */,
			);
			runOnlyForDeploymentPostprocessing = 0;
		};
		66854E5E2D9CBBC5000AA4F7 /* Resources */ = {
			isa = PBXResourcesBuildPhase;
			buildActionMask = 2147483647;
			files = (
			);
			runOnlyForDeploymentPostprocessing = 0;
		};
/* End PBXResourcesBuildPhase section */

/* Begin PBXSourcesBuildPhase section */
		66854E242D9C9310000AA4F7 /* Sources */ = {
			isa = PBXSourcesBuildPhase;
			buildActionMask = 2147483647;
			files = (
				66854E5B2D9CBB7C000AA4F7 /* Plugin.swift in Sources */,
				66854E522D9CAEA7000AA4F7 /* AppDelegate.swift in Sources */,
				66854E532D9CAEA7000AA4F7 /* SceneDelegate.swift in Sources */,
				66854E542D9CAEA7000AA4F7 /* UIButton Extensions.swift in Sources */,
				66854E552D9CAEA7000AA4F7 /* ButtonsViewController.swift in Sources */,
			);
			runOnlyForDeploymentPostprocessing = 0;
		};
		66854E5C2D9CBBC5000AA4F7 /* Sources */ = {
			isa = PBXSourcesBuildPhase;
			buildActionMask = 2147483647;
			files = (
				66854E652D9CBBE4000AA4F7 /* Plugin.swift in Sources */,
				66854E642D9CBBD3000AA4F7 /* MacPlugin.swift in Sources */,
			);
			runOnlyForDeploymentPostprocessing = 0;
		};
/* End PBXSourcesBuildPhase section */

/* Begin PBXTargetDependency section */
		66854E692D9CBC7B000AA4F7 /* PBXTargetDependency */ = {
			isa = PBXTargetDependency;
			platformFilter = maccatalyst;
			target = 66854E5F2D9CBBC5000AA4F7 /* MacPlugin */;
			targetProxy = 66854E682D9CBC7B000AA4F7 /* PBXContainerItemProxy */;
		};
		66854E6C2D9CBC80000AA4F7 /* PBXTargetDependency */ = {
			isa = PBXTargetDependency;
			target = 66854E5F2D9CBBC5000AA4F7 /* MacPlugin */;
			targetProxy = 66854E6B2D9CBC80000AA4F7 /* PBXContainerItemProxy */;
		};
/* End PBXTargetDependency section */

/* Begin PBXVariantGroup section */
		66854E472D9CAEA7000AA4F7 /* LaunchScreen.storyboard */ = {
			isa = PBXVariantGroup;
			children = (
				66854E462D9CAEA7000AA4F7 /* Base */,
			);
			name = LaunchScreen.storyboard;
			sourceTree = "<group>";
		};
/* End PBXVariantGroup section */

/* Begin XCBuildConfiguration section */
		66854E3C2D9C9312000AA4F7 /* Debug */ = {
			isa = XCBuildConfiguration;
			buildSettings = {
				ASSETCATALOG_COMPILER_APPICON_NAME = AppIcon;
				ASSETCATALOG_COMPILER_GLOBAL_ACCENT_COLOR_NAME = AccentColor;
				ASSETCATALOG_COMPILER_INCLUDE_ALL_APPICON_ASSETS = YES;
				CODE_SIGN_STYLE = Automatic;
				CURRENT_PROJECT_VERSION = 1;
				DEVELOPMENT_TEAM = 6755LPJ5W2;
				GENERATE_INFOPLIST_FILE = YES;
				INFOPLIST_FILE = "UIKit Catalyst Buttons/Info.plist";
				INFOPLIST_KEY_CFBundleDisplayName = "Mac Buttons";
				"INFOPLIST_KEY_CFBundleDisplayName[sdk=macosx*]" = "UIKit Catalyst Buttons";
				INFOPLIST_KEY_LSApplicationCategoryType = "public.app-category.utilities";
				INFOPLIST_KEY_UIApplicationSupportsIndirectInputEvents = YES;
				INFOPLIST_KEY_UILaunchStoryboardName = LaunchScreen;
				INFOPLIST_KEY_UISupportedInterfaceOrientations = UIInterfaceOrientationPortrait;
				INFOPLIST_KEY_UISupportedInterfaceOrientations_iPad = "UIInterfaceOrientationLandscapeLeft UIInterfaceOrientationLandscapeRight UIInterfaceOrientationPortrait UIInterfaceOrientationPortraitUpsideDown";
				IPHONEOS_DEPLOYMENT_TARGET = 15.0;
				LD_RUNPATH_SEARCH_PATHS = (
					"$(inherited)",
					"@executable_path/Frameworks",
				);
				MARKETING_VERSION = 1.0;
				PRODUCT_BUNDLE_IDENTIFIER = "com.sunapps.UIKit-Catalyst-Buttons";
				PRODUCT_NAME = "$(TARGET_NAME)";
				SUPPORTED_PLATFORMS = "iphoneos iphonesimulator xros xrsimulator";
				SUPPORTS_MACCATALYST = YES;
				SUPPORTS_MAC_DESIGNED_FOR_IPHONE_IPAD = NO;
				SUPPORTS_XR_DESIGNED_FOR_IPHONE_IPAD = NO;
				SWIFT_EMIT_LOC_STRINGS = YES;
				SWIFT_VERSION = 5.0;
				TARGETED_DEVICE_FAMILY = "1,2,6,7";
				XROS_DEPLOYMENT_TARGET = 1.0;
			};
			name = Debug;
		};
		66854E3D2D9C9312000AA4F7 /* Release */ = {
			isa = XCBuildConfiguration;
			buildSettings = {
				ASSETCATALOG_COMPILER_APPICON_NAME = AppIcon;
				ASSETCATALOG_COMPILER_GLOBAL_ACCENT_COLOR_NAME = AccentColor;
				ASSETCATALOG_COMPILER_INCLUDE_ALL_APPICON_ASSETS = YES;
				CODE_SIGN_STYLE = Automatic;
				CURRENT_PROJECT_VERSION = 1;
				DEVELOPMENT_TEAM = 6755LPJ5W2;
				GENERATE_INFOPLIST_FILE = YES;
				INFOPLIST_FILE = "UIKit Catalyst Buttons/Info.plist";
				INFOPLIST_KEY_CFBundleDisplayName = "Mac Buttons";
				"INFOPLIST_KEY_CFBundleDisplayName[sdk=macosx*]" = "UIKit Catalyst Buttons";
				INFOPLIST_KEY_LSApplicationCategoryType = "public.app-category.utilities";
				INFOPLIST_KEY_UIApplicationSupportsIndirectInputEvents = YES;
				INFOPLIST_KEY_UILaunchStoryboardName = LaunchScreen;
				INFOPLIST_KEY_UISupportedInterfaceOrientations = UIInterfaceOrientationPortrait;
				INFOPLIST_KEY_UISupportedInterfaceOrientations_iPad = "UIInterfaceOrientationLandscapeLeft UIInterfaceOrientationLandscapeRight UIInterfaceOrientationPortrait UIInterfaceOrientationPortraitUpsideDown";
				IPHONEOS_DEPLOYMENT_TARGET = 15.0;
				LD_RUNPATH_SEARCH_PATHS = (
					"$(inherited)",
					"@executable_path/Frameworks",
				);
				MARKETING_VERSION = 1.0;
				PRODUCT_BUNDLE_IDENTIFIER = "com.sunapps.UIKit-Catalyst-Buttons";
				PRODUCT_NAME = "$(TARGET_NAME)";
				SUPPORTED_PLATFORMS = "iphoneos iphonesimulator xros xrsimulator";
				SUPPORTS_MACCATALYST = YES;
				SUPPORTS_MAC_DESIGNED_FOR_IPHONE_IPAD = NO;
				SUPPORTS_XR_DESIGNED_FOR_IPHONE_IPAD = NO;
				SWIFT_EMIT_LOC_STRINGS = YES;
				SWIFT_VERSION = 5.0;
				TARGETED_DEVICE_FAMILY = "1,2,6,7";
				XROS_DEPLOYMENT_TARGET = 1.0;
			};
			name = Release;
		};
		66854E3E2D9C9312000AA4F7 /* Debug */ = {
			isa = XCBuildConfiguration;
			buildSettings = {
				ALWAYS_SEARCH_USER_PATHS = NO;
				ASSETCATALOG_COMPILER_GENERATE_SWIFT_ASSET_SYMBOL_EXTENSIONS = YES;
				CLANG_ANALYZER_NONNULL = YES;
				CLANG_ANALYZER_NUMBER_OBJECT_CONVERSION = YES_AGGRESSIVE;
				CLANG_CXX_LANGUAGE_STANDARD = "gnu++20";
				CLANG_ENABLE_MODULES = YES;
				CLANG_ENABLE_OBJC_ARC = YES;
				CLANG_ENABLE_OBJC_WEAK = YES;
				CLANG_WARN_BLOCK_CAPTURE_AUTORELEASING = YES;
				CLANG_WARN_BOOL_CONVERSION = YES;
				CLANG_WARN_COMMA = YES;
				CLANG_WARN_CONSTANT_CONVERSION = YES;
				CLANG_WARN_DEPRECATED_OBJC_IMPLEMENTATIONS = YES;
				CLANG_WARN_DIRECT_OBJC_ISA_USAGE = YES_ERROR;
				CLANG_WARN_DOCUMENTATION_COMMENTS = YES;
				CLANG_WARN_EMPTY_BODY = YES;
				CLANG_WARN_ENUM_CONVERSION = YES;
				CLANG_WARN_INFINITE_RECURSION = YES;
				CLANG_WARN_INT_CONVERSION = YES;
				CLANG_WARN_NON_LITERAL_NULL_CONVERSION = YES;
				CLANG_WARN_OBJC_IMPLICIT_RETAIN_SELF = YES;
				CLANG_WARN_OBJC_LITERAL_CONVERSION = YES;
				CLANG_WARN_OBJC_ROOT_CLASS = YES_ERROR;
				CLANG_WARN_QUOTED_INCLUDE_IN_FRAMEWORK_HEADER = YES;
				CLANG_WARN_RANGE_LOOP_ANALYSIS = YES;
				CLANG_WARN_STRICT_PROTOTYPES = YES;
				CLANG_WARN_SUSPICIOUS_MOVE = YES;
				CLANG_WARN_UNGUARDED_AVAILABILITY = YES_AGGRESSIVE;
				CLANG_WARN_UNREACHABLE_CODE = YES;
				CLANG_WARN__DUPLICATE_METHOD_MATCH = YES;
				COPY_PHASE_STRIP = NO;
				DEBUG_INFORMATION_FORMAT = dwarf;
				DEVELOPMENT_TEAM = 6755LPJ5W2;
				ENABLE_STRICT_OBJC_MSGSEND = YES;
				ENABLE_TESTABILITY = YES;
				ENABLE_USER_SCRIPT_SANDBOXING = YES;
				GCC_C_LANGUAGE_STANDARD = gnu17;
				GCC_DYNAMIC_NO_PIC = NO;
				GCC_NO_COMMON_BLOCKS = YES;
				GCC_OPTIMIZATION_LEVEL = 0;
				GCC_PREPROCESSOR_DEFINITIONS = (
					"DEBUG=1",
					"$(inherited)",
				);
				GCC_WARN_64_TO_32_BIT_CONVERSION = YES;
				GCC_WARN_ABOUT_RETURN_TYPE = YES_ERROR;
				GCC_WARN_UNDECLARED_SELECTOR = YES;
				GCC_WARN_UNINITIALIZED_AUTOS = YES_AGGRESSIVE;
				GCC_WARN_UNUSED_FUNCTION = YES;
				GCC_WARN_UNUSED_VARIABLE = YES;
				IPHONEOS_DEPLOYMENT_TARGET = 18.4;
				LOCALIZATION_PREFERS_STRING_CATALOGS = YES;
				MTL_ENABLE_DEBUG_INFO = INCLUDE_SOURCE;
				MTL_FAST_MATH = YES;
				ONLY_ACTIVE_ARCH = YES;
				SDKROOT = iphoneos;
				SWIFT_ACTIVE_COMPILATION_CONDITIONS = "DEBUG $(inherited)";
				SWIFT_OPTIMIZATION_LEVEL = "-Onone";
			};
			name = Debug;
		};
		66854E3F2D9C9312000AA4F7 /* Release */ = {
			isa = XCBuildConfiguration;
			buildSettings = {
				ALWAYS_SEARCH_USER_PATHS = NO;
				ASSETCATALOG_COMPILER_GENERATE_SWIFT_ASSET_SYMBOL_EXTENSIONS = YES;
				CLANG_ANALYZER_NONNULL = YES;
				CLANG_ANALYZER_NUMBER_OBJECT_CONVERSION = YES_AGGRESSIVE;
				CLANG_CXX_LANGUAGE_STANDARD = "gnu++20";
				CLANG_ENABLE_MODULES = YES;
				CLANG_ENABLE_OBJC_ARC = YES;
				CLANG_ENABLE_OBJC_WEAK = YES;
				CLANG_WARN_BLOCK_CAPTURE_AUTORELEASING = YES;
				CLANG_WARN_BOOL_CONVERSION = YES;
				CLANG_WARN_COMMA = YES;
				CLANG_WARN_CONSTANT_CONVERSION = YES;
				CLANG_WARN_DEPRECATED_OBJC_IMPLEMENTATIONS = YES;
				CLANG_WARN_DIRECT_OBJC_ISA_USAGE = YES_ERROR;
				CLANG_WARN_DOCUMENTATION_COMMENTS = YES;
				CLANG_WARN_EMPTY_BODY = YES;
				CLANG_WARN_ENUM_CONVERSION = YES;
				CLANG_WARN_INFINITE_RECURSION = YES;
				CLANG_WARN_INT_CONVERSION = YES;
				CLANG_WARN_NON_LITERAL_NULL_CONVERSION = YES;
				CLANG_WARN_OBJC_IMPLICIT_RETAIN_SELF = YES;
				CLANG_WARN_OBJC_LITERAL_CONVERSION = YES;
				CLANG_WARN_OBJC_ROOT_CLASS = YES_ERROR;
				CLANG_WARN_QUOTED_INCLUDE_IN_FRAMEWORK_HEADER = YES;
				CLANG_WARN_RANGE_LOOP_ANALYSIS = YES;
				CLANG_WARN_STRICT_PROTOTYPES = YES;
				CLANG_WARN_SUSPICIOUS_MOVE = YES;
				CLANG_WARN_UNGUARDED_AVAILABILITY = YES_AGGRESSIVE;
				CLANG_WARN_UNREACHABLE_CODE = YES;
				CLANG_WARN__DUPLICATE_METHOD_MATCH = YES;
				COPY_PHASE_STRIP = NO;
				DEBUG_INFORMATION_FORMAT = "dwarf-with-dsym";
				DEVELOPMENT_TEAM = 6755LPJ5W2;
				ENABLE_NS_ASSERTIONS = NO;
				ENABLE_STRICT_OBJC_MSGSEND = YES;
				ENABLE_USER_SCRIPT_SANDBOXING = YES;
				GCC_C_LANGUAGE_STANDARD = gnu17;
				GCC_NO_COMMON_BLOCKS = YES;
				GCC_WARN_64_TO_32_BIT_CONVERSION = YES;
				GCC_WARN_ABOUT_RETURN_TYPE = YES_ERROR;
				GCC_WARN_UNDECLARED_SELECTOR = YES;
				GCC_WARN_UNINITIALIZED_AUTOS = YES_AGGRESSIVE;
				GCC_WARN_UNUSED_FUNCTION = YES;
				GCC_WARN_UNUSED_VARIABLE = YES;
				IPHONEOS_DEPLOYMENT_TARGET = 18.4;
				LOCALIZATION_PREFERS_STRING_CATALOGS = YES;
				MTL_ENABLE_DEBUG_INFO = NO;
				MTL_FAST_MATH = YES;
				SDKROOT = iphoneos;
				SWIFT_COMPILATION_MODE = wholemodule;
				VALIDATE_PRODUCT = YES;
			};
			name = Release;
		};
		66854E622D9CBBC5000AA4F7 /* Debug */ = {
			isa = XCBuildConfiguration;
			buildSettings = {
				CODE_SIGN_STYLE = Automatic;
				COMBINE_HIDPI_IMAGES = YES;
				CURRENT_PROJECT_VERSION = 1;
				DEVELOPMENT_TEAM = 6755LPJ5W2;
				GENERATE_INFOPLIST_FILE = YES;
				INFOPLIST_KEY_NSHumanReadableCopyright = "";
				INFOPLIST_KEY_NSPrincipalClass = "";
				INSTALL_PATH = "$(LOCAL_LIBRARY_DIR)/Bundles";
				MACOSX_DEPLOYMENT_TARGET = 11.0;
				MARKETING_VERSION = 1.0;
				PRODUCT_BUNDLE_IDENTIFIER = com.sunapps.MacPlugin;
				PRODUCT_NAME = "$(TARGET_NAME)";
				SDKROOT = macosx;
				SKIP_INSTALL = YES;
				SWIFT_EMIT_LOC_STRINGS = YES;
				SWIFT_VERSION = 5.0;
				WRAPPER_EXTENSION = bundle;
			};
			name = Debug;
		};
		66854E632D9CBBC5000AA4F7 /* Release */ = {
			isa = XCBuildConfiguration;
			buildSettings = {
				CODE_SIGN_STYLE = Automatic;
				COMBINE_HIDPI_IMAGES = YES;
				CURRENT_PROJECT_VERSION = 1;
				DEVELOPMENT_TEAM = 6755LPJ5W2;
				GENERATE_INFOPLIST_FILE = YES;
				INFOPLIST_KEY_NSHumanReadableCopyright = "";
				INFOPLIST_KEY_NSPrincipalClass = "";
				INSTALL_PATH = "$(LOCAL_LIBRARY_DIR)/Bundles";
				MACOSX_DEPLOYMENT_TARGET = 11.0;
				MARKETING_VERSION = 1.0;
				PRODUCT_BUNDLE_IDENTIFIER = com.sunapps.MacPlugin;
				PRODUCT_NAME = "$(TARGET_NAME)";
				SDKROOT = macosx;
				SKIP_INSTALL = YES;
				SWIFT_EMIT_LOC_STRINGS = YES;
				SWIFT_VERSION = 5.0;
				WRAPPER_EXTENSION = bundle;
			};
			name = Release;
		};
/* End XCBuildConfiguration section */

/* Begin XCConfigurationList section */
		66854E232D9C9310000AA4F7 /* Build configuration list for PBXProject "UIKit Catalyst Buttons" */ = {
			isa = XCConfigurationList;
			buildConfigurations = (
				66854E3E2D9C9312000AA4F7 /* Debug */,
				66854E3F2D9C9312000AA4F7 /* Release */,
			);
			defaultConfigurationIsVisible = 0;
			defaultConfigurationName = Release;
		};
		66854E3B2D9C9312000AA4F7 /* Build configuration list for PBXNativeTarget "UIKit Catalyst Buttons" */ = {
			isa = XCConfigurationList;
			buildConfigurations = (
				66854E3C2D9C9312000AA4F7 /* Debug */,
				66854E3D2D9C9312000AA4F7 /* Release */,
			);
			defaultConfigurationIsVisible = 0;
			defaultConfigurationName = Release;
		};
		66854E612D9CBBC5000AA4F7 /* Build configuration list for PBXNativeTarget "MacPlugin" */ = {
			isa = XCConfigurationList;
			buildConfigurations = (
				66854E622D9CBBC5000AA4F7 /* Debug */,
				66854E632D9CBBC5000AA4F7 /* Release */,
			);
			defaultConfigurationIsVisible = 0;
			defaultConfigurationName = Release;
		};
/* End XCConfigurationList section */
	};
	rootObject = 66854E202D9C9310000AA4F7 /* Project object */;
}
